
Microsoft Visual Studio Solution File, Format Version 12.00
# Visual Studio 14
VisualStudioVersion = 14.0.24606.1
MinimumVisualStudioVersion = 10.0.40219.1
Project("{FAE04EC0-301F-11D3-BF4B-00C04F79EFBC}") = "Orbs Havoc", "Source\Orbs Havoc\Orbs Havoc.csproj", "{6DEA5A72-611A-4A3C-8EF9-E017A1192041}"
	ProjectSection(ProjectDependencies) = postProject
		{D033840C-E29D-4ADC-9ACF-27FA38E24FA5} = {D033840C-E29D-4ADC-9ACF-27FA38E24FA5}
	EndProjectSection
EndProject
Project("{FAE04EC0-301F-11D3-BF4B-00C04F79EFBC}") = "Assets Compiler", "Source\Assets Compiler\Assets Compiler.csproj", "{D033840C-E29D-4ADC-9ACF-27FA38E24FA5}"
EndProject
Global
	GlobalSection(SolutionConfigurationPlatforms) = preSolution
		Debug|x64 = Debug|x64
		Release|x64 = Release|x64
	EndGlobalSection
	GlobalSection(ProjectConfigurationPlatforms) = postSolution
		{6DEA5A72-611A-4A3C-8EF9-E017A1192041}.Debug|x64.ActiveCfg = Debug|x64
		{6DEA5A72-611A-4A3C-8EF9-E017A1192041}.Debug|x64.Build.0 = Debug|x64
		{6DEA5A72-611A-4A3C-8EF9-E017A1192041}.Release|x64.ActiveCfg = Release|x64
		{6DEA5A72-611A-4A3C-8EF9-E017A1192041}.Release|x64.Build.0 = Release|x64
		{D033840C-E29D-4ADC-9ACF-27FA38E24FA5}.Debug|x64.ActiveCfg = Debug|x64
		{D033840C-E29D-4ADC-9ACF-27FA38E24FA5}.Debug|x64.Build.0 = Debug|x64
		{D033840C-E29D-4ADC-9ACF-27FA38E24FA5}.Release|x64.ActiveCfg = Release|x64
		{D033840C-E29D-4ADC-9ACF-27FA38E24FA5}.Release|x64.Build.0 = Release|x64
	EndGlobalSection
	GlobalSection(SolutionProperties) = preSolution
		HideSolutionNode = FALSE
	EndGlobalSection
EndGlobal
